
Microsoft Visual Studio Solution File, Format Version 12.00
# Visual Studio Version 17
VisualStudioVersion = 17.8.34330.188
MinimumVisualStudioVersion = 10.0.40219.1
Project("{FAE04EC0-301F-11D3-BF4B-00C04F79EFBC}") = "JwtAuthentication", "JwtAuthentication.csproj", "{21504E9F-8E84-4363-816E-E6B373FA5CDB}"
EndProject
Global
	GlobalSection(SolutionConfigurationPlatforms) = preSolution
		Debug|Any CPU = Debug|Any CPU
		Release|Any CPU = Release|Any CPU
	EndGlobalSection
	GlobalSection(ProjectConfigurationPlatforms) = postSolution
		{21504E9F-8E84-4363-816E-E6B373FA5CDB}.Debug|Any CPU.ActiveCfg = Debug|Any CPU
		{21504E9F-8E84-4363-816E-E6B373FA5CDB}.Debug|Any CPU.Build.0 = Debug|Any CPU
		{21504E9F-8E84-4363-816E-E6B373FA5CDB}.Release|Any CPU.ActiveCfg = Release|Any CPU
		{21504E9F-8E84-4363-816E-E6B373FA5CDB}.Release|Any CPU.Build.0 = Release|Any CPU
	EndGlobalSection
	GlobalSection(SolutionProperties) = preSolution
		HideSolutionNode = FALSE
	EndGlobalSection
	GlobalSection(ExtensibilityGlobals) = postSolution
		SolutionGuid = {09AFDE4B-B2DF-4BB0-A5BD-C716C8DF3A4F}
	EndGlobalSection
EndGlobal
